
Microsoft Visual Studio Solution File, Format Version 12.00
# Visual Studio 15
Project("{FAE04EC0-301F-11D3-BF4B-00C04F79EFBC}") = "Assembly-CSharp", "Assembly-CSharp.csproj", "{8B59FA62-A2E5-8DF7-9191-0509347E505B}"
EndProject
Project("{FAE04EC0-301F-11D3-BF4B-00C04F79EFBC}") = "Assembly-CSharp-Editor", "Assembly-CSharp-Editor.csproj", "{EA2F6E4E-5311-EF5A-F7B8-2570D969C682}"
EndProject
Global
	GlobalSection(SolutionConfigurationPlatforms) = preSolution
		Debug|Any CPU = Debug|Any CPU
		Release|Any CPU = Release|Any CPU
	EndGlobalSection
	GlobalSection(ProjectConfigurationPlatforms) = postSolution
		{8B59FA62-A2E5-8DF7-9191-0509347E505B}.Debug|Any CPU.ActiveCfg = Debug|Any CPU
		{8B59FA62-A2E5-8DF7-9191-0509347E505B}.Debug|Any CPU.Build.0 = Debug|Any CPU
		{8B59FA62-A2E5-8DF7-9191-0509347E505B}.Release|Any CPU.ActiveCfg = Release|Any CPU
		{8B59FA62-A2E5-8DF7-9191-0509347E505B}.Release|Any CPU.Build.0 = Release|Any CPU
		{EA2F6E4E-5311-EF5A-F7B8-2570D969C682}.Debug|Any CPU.ActiveCfg = Debug|Any CPU
		{EA2F6E4E-5311-EF5A-F7B8-2570D969C682}.Debug|Any CPU.Build.0 = Debug|Any CPU
		{EA2F6E4E-5311-EF5A-F7B8-2570D969C682}.Release|Any CPU.ActiveCfg = Release|Any CPU
		{EA2F6E4E-5311-EF5A-F7B8-2570D969C682}.Release|Any CPU.Build.0 = Release|Any CPU
	EndGlobalSection
	GlobalSection(SolutionProperties) = preSolution
		HideSolutionNode = FALSE
	EndGlobalSection
EndGlobal
